
Microsoft Visual Studio Solution File, Format Version 12.00
# Visual Studio Version 17
VisualStudioVersion = 17.11.35303.130
MinimumVisualStudioVersion = 10.0.40219.1
Project("{FAE04EC0-301F-11D3-BF4B-00C04F79EFBC}") = "LaykovskiyZachet", "LaykovskiyZachet.csproj", "{BAD77A60-D4E5-4455-9C0C-64FA22A45CE8}"
EndProject
Global
	GlobalSection(SolutionConfigurationPlatforms) = preSolution
		Debug|Any CPU = Debug|Any CPU
		Release|Any CPU = Release|Any CPU
	EndGlobalSection
	GlobalSection(ProjectConfigurationPlatforms) = postSolution
		{BAD77A60-D4E5-4455-9C0C-64FA22A45CE8}.Debug|Any CPU.ActiveCfg = Debug|Any CPU
		{BAD77A60-D4E5-4455-9C0C-64FA22A45CE8}.Debug|Any CPU.Build.0 = Debug|Any CPU
		{BAD77A60-D4E5-4455-9C0C-64FA22A45CE8}.Release|Any CPU.ActiveCfg = Release|Any CPU
		{BAD77A60-D4E5-4455-9C0C-64FA22A45CE8}.Release|Any CPU.Build.0 = Release|Any CPU
	EndGlobalSection
	GlobalSection(SolutionProperties) = preSolution
		HideSolutionNode = FALSE
	EndGlobalSection
	GlobalSection(ExtensibilityGlobals) = postSolution
		SolutionGuid = {B6614313-45ED-45BE-9E6D-4FD7B12BAD0A}
	EndGlobalSection
EndGlobal
